
Microsoft Visual Studio Solution File, Format Version 12.00
# Visual Studio 15
VisualStudioVersion = 15.0.27703.2018
MinimumVisualStudioVersion = 10.0.40219.1
Project("{FAE04EC0-301F-11D3-BF4B-00C04F79EFBC}") = "Catrige_DB", "Catrige_DB\Catrige_DB.csproj", "{70FF6A4E-2238-4FB1-AC44-0DFFE2D84BFD}"
EndProject
Global
	GlobalSection(SolutionConfigurationPlatforms) = preSolution
		Debug|Any CPU = Debug|Any CPU
		Release|Any CPU = Release|Any CPU
	EndGlobalSection
	GlobalSection(ProjectConfigurationPlatforms) = postSolution
		{70FF6A4E-2238-4FB1-AC44-0DFFE2D84BFD}.Debug|Any CPU.ActiveCfg = Debug|Any CPU
		{70FF6A4E-2238-4FB1-AC44-0DFFE2D84BFD}.Debug|Any CPU.Build.0 = Debug|Any CPU
		{70FF6A4E-2238-4FB1-AC44-0DFFE2D84BFD}.Release|Any CPU.ActiveCfg = Release|Any CPU
		{70FF6A4E-2238-4FB1-AC44-0DFFE2D84BFD}.Release|Any CPU.Build.0 = Release|Any CPU
	EndGlobalSection
	GlobalSection(SolutionProperties) = preSolution
		HideSolutionNode = FALSE
	EndGlobalSection
	GlobalSection(ExtensibilityGlobals) = postSolution
		SolutionGuid = {9D99ECD0-6EDB-49A2-B531-35B50E5B76A5}
	EndGlobalSection
EndGlobal
